// !$*UTF8*$!
{
	archiveVersion = 1;
	classes = {
	};
	objectVersion = 55;
	objects = {

/* Begin PBXBuildFile section */
		A26FE6FF29615D3E00FDD7AE /* AppDelegate.swift in Sources */ = {isa = PBXBuildFile; fileRef = A26FE6FE29615D3E00FDD7AE /* AppDelegate.swift */; };
		A26FE70129615D3E00FDD7AE /* SceneDelegate.swift in Sources */ = {isa = PBXBuildFile; fileRef = A26FE70029615D3E00FDD7AE /* SceneDelegate.swift */; };
		A26FE70329615D3E00FDD7AE /* ViewController.swift in Sources */ = {isa = PBXBuildFile; fileRef = A26FE70229615D3E00FDD7AE /* ViewController.swift */; };
		A26FE70629615D3E00FDD7AE /* Main.storyboard in Resources */ = {isa = PBXBuildFile; fileRef = A26FE70429615D3E00FDD7AE /* Main.storyboard */; };
		A26FE70829615D3F00FDD7AE /* Assets.xcassets in Resources */ = {isa = PBXBuildFile; fileRef = A26FE70729615D3F00FDD7AE /* Assets.xcassets */; };
		A26FE70B29615D3F00FDD7AE /* LaunchScreen.storyboard in Resources */ = {isa = PBXBuildFile; fileRef = A26FE70929615D3F00FDD7AE /* LaunchScreen.storyboard */; };
		A26FE71329615D6700FDD7AE /* EHLineChartModel.swift in Sources */ = {isa = PBXBuildFile; fileRef = A26FE71229615D6700FDD7AE /* EHLineChartModel.swift */; };
		A275D4B629617E8800BCC589 /* EHLineChartView.swift in Sources */ = {isa = PBXBuildFile; fileRef = A275D4B529617E8800BCC589 /* EHLineChartView.swift */; };
		A275D4B82961B47200BCC589 /* EHChartView.swift in Sources */ = {isa = PBXBuildFile; fileRef = A275D4B72961B47200BCC589 /* EHChartView.swift */; };
		A275D4BB2961B63200BCC589 /* EHChartCollectionViewCell.swift in Sources */ = {isa = PBXBuildFile; fileRef = A275D4BA2961B63200BCC589 /* EHChartCollectionViewCell.swift */; };
		A275D4BD2961B6BE00BCC589 /* EHChartRightView.swift in Sources */ = {isa = PBXBuildFile; fileRef = A275D4BC2961B6BE00BCC589 /* EHChartRightView.swift */; };
		A275D4BF2961B74500BCC589 /* EHLineChartCalloutView.swift in Sources */ = {isa = PBXBuildFile; fileRef = A275D4BE2961B74500BCC589 /* EHLineChartCalloutView.swift */; };
		A275D4C329627E5400BCC589 /* EHChartConstant.swift in Sources */ = {isa = PBXBuildFile; fileRef = A275D4C229627E5400BCC589 /* EHChartConstant.swift */; };
		E3DED71992142C61C17953C9 /* Pods_MyCharts.framework in Frameworks */ = {isa = PBXBuildFile; fileRef = E92DEEF0E36F6BD9BEFD70A7 /* Pods_MyCharts.framework */; };
/* End PBXBuildFile section */

/* Begin PBXFileReference section */
		2DA921D799C294CAB785EEAC /* Pods-MyCharts.release.xcconfig */ = {isa = PBXFileReference; includeInIndex = 1; lastKnownFileType = text.xcconfig; name = "Pods-MyCharts.release.xcconfig"; path = "Target Support Files/Pods-MyCharts/Pods-MyCharts.release.xcconfig"; sourceTree = "<group>"; };
		5B6832EF7D408031855A69CD /* Pods-MyCharts.debug.xcconfig */ = {isa = PBXFileReference; includeInIndex = 1; lastKnownFileType = text.xcconfig; name = "Pods-MyCharts.debug.xcconfig"; path = "Target Support Files/Pods-MyCharts/Pods-MyCharts.debug.xcconfig"; sourceTree = "<group>"; };
		A26FE6FB29615D3E00FDD7AE /* MyCharts.app */ = {isa = PBXFileReference; explicitFileType = wrapper.application; includeInIndex = 0; path = MyCharts.app; sourceTree = BUILT_PRODUCTS_DIR; };
		A26FE6FE29615D3E00FDD7AE /* AppDelegate.swift */ = {isa = PBXFileReference; lastKnownFileType = sourcecode.swift; path = AppDelegate.swift; sourceTree = "<group>"; };
		A26FE70029615D3E00FDD7AE /* SceneDelegate.swift */ = {isa = PBXFileReference; lastKnownFileType = sourcecode.swift; path = SceneDelegate.swift; sourceTree = "<group>"; };
		A26FE70229615D3E00FDD7AE /* ViewController.swift */ = {isa = PBXFileReference; lastKnownFileType = sourcecode.swift; path = ViewController.swift; sourceTree = "<group>"; };
		A26FE70529615D3E00FDD7AE /* Base */ = {isa = PBXFileReference; lastKnownFileType = file.storyboard; name = Base; path = Base.lproj/Main.storyboard; sourceTree = "<group>"; };
		A26FE70729615D3F00FDD7AE /* Assets.xcassets */ = {isa = PBXFileReference; lastKnownFileType = folder.assetcatalog; path = Assets.xcassets; sourceTree = "<group>"; };
		A26FE70A29615D3F00FDD7AE /* Base */ = {isa = PBXFileReference; lastKnownFileType = file.storyboard; name = Base; path = Base.lproj/LaunchScreen.storyboard; sourceTree = "<group>"; };
		A26FE70C29615D3F00FDD7AE /* Info.plist */ = {isa = PBXFileReference; lastKnownFileType = text.plist.xml; path = Info.plist; sourceTree = "<group>"; };
		A26FE71229615D6700FDD7AE /* EHLineChartModel.swift */ = {isa = PBXFileReference; lastKnownFileType = sourcecode.swift; path = EHLineChartModel.swift; sourceTree = "<group>"; };
		A275D4B529617E8800BCC589 /* EHLineChartView.swift */ = {isa = PBXFileReference; lastKnownFileType = sourcecode.swift; path = EHLineChartView.swift; sourceTree = "<group>"; };
		A275D4B72961B47200BCC589 /* EHChartView.swift */ = {isa = PBXFileReference; lastKnownFileType = sourcecode.swift; path = EHChartView.swift; sourceTree = "<group>"; };
		A275D4BA2961B63200BCC589 /* EHChartCollectionViewCell.swift */ = {isa = PBXFileReference; lastKnownFileType = sourcecode.swift; path = EHChartCollectionViewCell.swift; sourceTree = "<group>"; };
		A275D4BC2961B6BE00BCC589 /* EHChartRightView.swift */ = {isa = PBXFileReference; lastKnownFileType = sourcecode.swift; path = EHChartRightView.swift; sourceTree = "<group>"; };
		A275D4BE2961B74500BCC589 /* EHLineChartCalloutView.swift */ = {isa = PBXFileReference; lastKnownFileType = sourcecode.swift; path = EHLineChartCalloutView.swift; sourceTree = "<group>"; };
		A275D4C229627E5400BCC589 /* EHChartConstant.swift */ = {isa = PBXFileReference; lastKnownFileType = sourcecode.swift; path = EHChartConstant.swift; sourceTree = "<group>"; };
		E92DEEF0E36F6BD9BEFD70A7 /* Pods_MyCharts.framework */ = {isa = PBXFileReference; explicitFileType = wrapper.framework; includeInIndex = 0; path = Pods_MyCharts.framework; sourceTree = BUILT_PRODUCTS_DIR; };
/* End PBXFileReference section */

/* Begin PBXFrameworksBuildPhase section */
		A26FE6F829615D3E00FDD7AE /* Frameworks */ = {
			isa = PBXFrameworksBuildPhase;
			buildActionMask = 2147483647;
			files = (
				E3DED71992142C61C17953C9 /* Pods_MyCharts.framework in Frameworks */,
			);
			runOnlyForDeploymentPostprocessing = 0;
		};
/* End PBXFrameworksBuildPhase section */

/* Begin PBXGroup section */
		0B2D15A501842B6292B242E2 /* Frameworks */ = {
			isa = PBXGroup;
			children = (
				E92DEEF0E36F6BD9BEFD70A7 /* Pods_MyCharts.framework */,
			);
			name = Frameworks;
			sourceTree = "<group>";
		};
		A26FE6F229615D3E00FDD7AE = {
			isa = PBXGroup;
			children = (
				A26FE6FD29615D3E00FDD7AE /* MyCharts */,
				A26FE6FC29615D3E00FDD7AE /* Products */,
				E668517D52C29E3D2A35EF87 /* Pods */,
				0B2D15A501842B6292B242E2 /* Frameworks */,
			);
			sourceTree = "<group>";
		};
		A26FE6FC29615D3E00FDD7AE /* Products */ = {
			isa = PBXGroup;
			children = (
				A26FE6FB29615D3E00FDD7AE /* MyCharts.app */,
			);
			name = Products;
			sourceTree = "<group>";
		};
		A26FE6FD29615D3E00FDD7AE /* MyCharts */ = {
			isa = PBXGroup;
			children = (
				A26FE6FE29615D3E00FDD7AE /* AppDelegate.swift */,
				A26FE70029615D3E00FDD7AE /* SceneDelegate.swift */,
				A26FE70229615D3E00FDD7AE /* ViewController.swift */,
				A275D4C0296272E500BCC589 /* Chart */,
				A26FE70429615D3E00FDD7AE /* Main.storyboard */,
				A26FE70729615D3F00FDD7AE /* Assets.xcassets */,
				A26FE70929615D3F00FDD7AE /* LaunchScreen.storyboard */,
				A26FE70C29615D3F00FDD7AE /* Info.plist */,
			);
			path = MyCharts;
			sourceTree = "<group>";
		};
		A275D4C0296272E500BCC589 /* Chart */ = {
			isa = PBXGroup;
			children = (
				A275D4B72961B47200BCC589 /* EHChartView.swift */,
				A26FE71229615D6700FDD7AE /* EHLineChartModel.swift */,
				A275D4B529617E8800BCC589 /* EHLineChartView.swift */,
				A275D4BC2961B6BE00BCC589 /* EHChartRightView.swift */,
				A275D4BE2961B74500BCC589 /* EHLineChartCalloutView.swift */,
				A275D4BA2961B63200BCC589 /* EHChartCollectionViewCell.swift */,
				A275D4C229627E5400BCC589 /* EHChartConstant.swift */,
			);
			path = Chart;
			sourceTree = "<group>";
		};
		E668517D52C29E3D2A35EF87 /* Pods */ = {
			isa = PBXGroup;
			children = (
				5B6832EF7D408031855A69CD /* Pods-MyCharts.debug.xcconfig */,
				2DA921D799C294CAB785EEAC /* Pods-MyCharts.release.xcconfig */,
			);
			path = Pods;
			sourceTree = "<group>";
		};
/* End PBXGroup section */

/* Begin PBXNativeTarget section */
		A26FE6FA29615D3E00FDD7AE /* MyCharts */ = {
			isa = PBXNativeTarget;
			buildConfigurationList = A26FE70F29615D3F00FDD7AE /* Build configuration list for PBXNativeTarget "MyCharts" */;
			buildPhases = (
				0F861D2B2493E3C6B4C8B8BE /* [CP] Check Pods Manifest.lock */,
				A26FE6F729615D3E00FDD7AE /* Sources */,
				A26FE6F829615D3E00FDD7AE /* Frameworks */,
				A26FE6F929615D3E00FDD7AE /* Resources */,
				C110D5921027162681691C7F /* [CP] Embed Pods Frameworks */,
			);
			buildRules = (
			);
			dependencies = (
			);
			name = MyCharts;
			productName = MyCharts;
			productReference = A26FE6FB29615D3E00FDD7AE /* MyCharts.app */;
			productType = "com.apple.product-type.application";
		};
/* End PBXNativeTarget section */

/* Begin PBXProject section */
		A26FE6F329615D3E00FDD7AE /* Project object */ = {
			isa = PBXProject;
			attributes = {
				BuildIndependentTargetsInParallel = 1;
				LastSwiftUpdateCheck = 1340;
				LastUpgradeCheck = 1340;
				TargetAttributes = {
					A26FE6FA29615D3E00FDD7AE = {
						CreatedOnToolsVersion = 13.4;
					};
				};
			};
			buildConfigurationList = A26FE6F629615D3E00FDD7AE /* Build configuration list for PBXProject "MyCharts" */;
			compatibilityVersion = "Xcode 13.0";
			developmentRegion = en;
			hasScannedForEncodings = 0;
			knownRegions = (
				en,
				Base,
			);
			mainGroup = A26FE6F229615D3E00FDD7AE;
			productRefGroup = A26FE6FC29615D3E00FDD7AE /* Products */;
			projectDirPath = "";
			projectRoot = "";
			targets = (
				A26FE6FA29615D3E00FDD7AE /* MyCharts */,
			);
		};
/* End PBXProject section */

/* Begin PBXResourcesBuildPhase section */
		A26FE6F929615D3E00FDD7AE /* Resources */ = {
			isa = PBXResourcesBuildPhase;
			buildActionMask = 2147483647;
			files = (
				A26FE70B29615D3F00FDD7AE /* LaunchScreen.storyboard in Resources */,
				A26FE70829615D3F00FDD7AE /* Assets.xcassets in Resources */,
				A26FE70629615D3E00FDD7AE /* Main.storyboard in Resources */,
			);
			runOnlyForDeploymentPostprocessing = 0;
		};
/* End PBXResourcesBuildPhase section */

/* Begin PBXShellScriptBuildPhase section */
		0F861D2B2493E3C6B4C8B8BE /* [CP] Check Pods Manifest.lock */ = {
			isa = PBXShellScriptBuildPhase;
			buildActionMask = 2147483647;
			files = (
			);
			inputFileListPaths = (
			);
			inputPaths = (
				"${PODS_PODFILE_DIR_PATH}/Podfile.lock",
				"${PODS_ROOT}/Manifest.lock",
			);
			name = "[CP] Check Pods Manifest.lock";
			outputFileListPaths = (
			);
			outputPaths = (
				"$(DERIVED_FILE_DIR)/Pods-MyCharts-checkManifestLockResult.txt",
			);
			runOnlyForDeploymentPostprocessing = 0;
			shellPath = /bin/sh;
			shellScript = "diff \"${PODS_PODFILE_DIR_PATH}/Podfile.lock\" \"${PODS_ROOT}/Manifest.lock\" > /dev/null\nif [ $? != 0 ] ; then\n    # print error to STDERR\n    echo \"error: The sandbox is not in sync with the Podfile.lock. Run 'pod install' or update your CocoaPods installation.\" >&2\n    exit 1\nfi\n# This output is used by Xcode 'outputs' to avoid re-running this script phase.\necho \"SUCCESS\" > \"${SCRIPT_OUTPUT_FILE_0}\"\n";
			showEnvVarsInLog = 0;
		};
		C110D5921027162681691C7F /* [CP] Embed Pods Frameworks */ = {
			isa = PBXShellScriptBuildPhase;
			buildActionMask = 2147483647;
			files = (
			);
			inputFileListPaths = (
				"${PODS_ROOT}/Target Support Files/Pods-MyCharts/Pods-MyCharts-frameworks-${CONFIGURATION}-input-files.xcfilelist",
			);
			name = "[CP] Embed Pods Frameworks";
			outputFileListPaths = (
				"${PODS_ROOT}/Target Support Files/Pods-MyCharts/Pods-MyCharts-frameworks-${CONFIGURATION}-output-files.xcfilelist",
			);
			runOnlyForDeploymentPostprocessing = 0;
			shellPath = /bin/sh;
			shellScript = "\"${PODS_ROOT}/Target Support Files/Pods-MyCharts/Pods-MyCharts-frameworks.sh\"\n";
			showEnvVarsInLog = 0;
		};
/* End PBXShellScriptBuildPhase section */

/* Begin PBXSourcesBuildPhase section */
		A26FE6F729615D3E00FDD7AE /* Sources */ = {
			isa = PBXSourcesBuildPhase;
			buildActionMask = 2147483647;
			files = (
				A275D4BB2961B63200BCC589 /* EHChartCollectionViewCell.swift in Sources */,
				A26FE70329615D3E00FDD7AE /* ViewController.swift in Sources */,
				A275D4BF2961B74500BCC589 /* EHLineChartCalloutView.swift in Sources */,
				A26FE6FF29615D3E00FDD7AE /* AppDelegate.swift in Sources */,
				A275D4C329627E5400BCC589 /* EHChartConstant.swift in Sources */,
				A26FE71329615D6700FDD7AE /* EHLineChartModel.swift in Sources */,
				A275D4B629617E8800BCC589 /* EHLineChartView.swift in Sources */,
				A26FE70129615D3E00FDD7AE /* SceneDelegate.swift in Sources */,
				A275D4BD2961B6BE00BCC589 /* EHChartRightView.swift in Sources */,
				A275D4B82961B47200BCC589 /* EHChartView.swift in Sources */,
			);
			runOnlyForDeploymentPostprocessing = 0;
		};
/* End PBXSourcesBuildPhase section */

/* Begin PBXVariantGroup section */
		A26FE70429615D3E00FDD7AE /* Main.storyboard */ = {
			isa = PBXVariantGroup;
			children = (
				A26FE70529615D3E00FDD7AE /* Base */,
			);
			name = Main.storyboard;
			sourceTree = "<group>";
		};
		A26FE70929615D3F00FDD7AE /* LaunchScreen.storyboard */ = {
			isa = PBXVariantGroup;
			children = (
				A26FE70A29615D3F00FDD7AE /* Base */,
			);
			name = LaunchScreen.storyboard;
			sourceTree = "<group>";
		};
/* End PBXVariantGroup section */

/* Begin XCBuildConfiguration section */
		A26FE70D29615D3F00FDD7AE /* Debug */ = {
			isa = XCBuildConfiguration;
			buildSettings = {
				ALWAYS_SEARCH_USER_PATHS = NO;
				CLANG_ANALYZER_NONNULL = YES;
				CLANG_ANALYZER_NUMBER_OBJECT_CONVERSION = YES_AGGRESSIVE;
				CLANG_CXX_LANGUAGE_STANDARD = "gnu++17";
				CLANG_ENABLE_MODULES = YES;
				CLANG_ENABLE_OBJC_ARC = YES;
				CLANG_ENABLE_OBJC_WEAK = YES;
				CLANG_WARN_BLOCK_CAPTURE_AUTORELEASING = YES;
				CLANG_WARN_BOOL_CONVERSION = YES;
				CLANG_WARN_COMMA = YES;
				CLANG_WARN_CONSTANT_CONVERSION = YES;
				CLANG_WARN_DEPRECATED_OBJC_IMPLEMENTATIONS = YES;
				CLANG_WARN_DIRECT_OBJC_ISA_USAGE = YES_ERROR;
				CLANG_WARN_DOCUMENTATION_COMMENTS = YES;
				CLANG_WARN_EMPTY_BODY = YES;
				CLANG_WARN_ENUM_CONVERSION = YES;
				CLANG_WARN_INFINITE_RECURSION = YES;
				CLANG_WARN_INT_CONVERSION = YES;
				CLANG_WARN_NON_LITERAL_NULL_CONVERSION = YES;
				CLANG_WARN_OBJC_IMPLICIT_RETAIN_SELF = YES;
				CLANG_WARN_OBJC_LITERAL_CONVERSION = YES;
				CLANG_WARN_OBJC_ROOT_CLASS = YES_ERROR;
				CLANG_WARN_QUOTED_INCLUDE_IN_FRAMEWORK_HEADER = YES;
				CLANG_WARN_RANGE_LOOP_ANALYSIS = YES;
				CLANG_WARN_STRICT_PROTOTYPES = YES;
				CLANG_WARN_SUSPICIOUS_MOVE = YES;
				CLANG_WARN_UNGUARDED_AVAILABILITY = YES_AGGRESSIVE;
				CLANG_WARN_UNREACHABLE_CODE = YES;
				CLANG_WARN__DUPLICATE_METHOD_MATCH = YES;
				COPY_PHASE_STRIP = NO;
				DEBUG_INFORMATION_FORMAT = dwarf;
				ENABLE_STRICT_OBJC_MSGSEND = YES;
				ENABLE_TESTABILITY = YES;
				GCC_C_LANGUAGE_STANDARD = gnu11;
				GCC_DYNAMIC_NO_PIC = NO;
				GCC_NO_COMMON_BLOCKS = YES;
				GCC_OPTIMIZATION_LEVEL = 0;
				GCC_PREPROCESSOR_DEFINITIONS = (
					"DEBUG=1",
					"$(inherited)",
				);
				GCC_WARN_64_TO_32_BIT_CONVERSION = YES;
				GCC_WARN_ABOUT_RETURN_TYPE = YES_ERROR;
				GCC_WARN_UNDECLARED_SELECTOR = YES;
				GCC_WARN_UNINITIALIZED_AUTOS = YES_AGGRESSIVE;
				GCC_WARN_UNUSED_FUNCTION = YES;
				GCC_WARN_UNUSED_VARIABLE = YES;
				IPHONEOS_DEPLOYMENT_TARGET = 15.5;
				MTL_ENABLE_DEBUG_INFO = INCLUDE_SOURCE;
				MTL_FAST_MATH = YES;
				ONLY_ACTIVE_ARCH = YES;
				SDKROOT = iphoneos;
				SWIFT_ACTIVE_COMPILATION_CONDITIONS = DEBUG;
				SWIFT_OPTIMIZATION_LEVEL = "-Onone";
			};
			name = Debug;
		};
		A26FE70E29615D3F00FDD7AE /* Release */ = {
			isa = XCBuildConfiguration;
			buildSettings = {
				ALWAYS_SEARCH_USER_PATHS = NO;
				CLANG_ANALYZER_NONNULL = YES;
				CLANG_ANALYZER_NUMBER_OBJECT_CONVERSION = YES_AGGRESSIVE;
				CLANG_CXX_LANGUAGE_STANDARD = "gnu++17";
				CLANG_ENABLE_MODULES = YES;
				CLANG_ENABLE_OBJC_ARC = YES;
				CLANG_ENABLE_OBJC_WEAK = YES;
				CLANG_WARN_BLOCK_CAPTURE_AUTORELEASING = YES;
				CLANG_WARN_BOOL_CONVERSION = YES;
				CLANG_WARN_COMMA = YES;
				CLANG_WARN_CONSTANT_CONVERSION = YES;
				CLANG_WARN_DEPRECATED_OBJC_IMPLEMENTATIONS = YES;
				CLANG_WARN_DIRECT_OBJC_ISA_USAGE = YES_ERROR;
				CLANG_WARN_DOCUMENTATION_COMMENTS = YES;
				CLANG_WARN_EMPTY_BODY = YES;
				CLANG_WARN_ENUM_CONVERSION = YES;
				CLANG_WARN_INFINITE_RECURSION = YES;
				CLANG_WARN_INT_CONVERSION = YES;
				CLANG_WARN_NON_LITERAL_NULL_CONVERSION = YES;
				CLANG_WARN_OBJC_IMPLICIT_RETAIN_SELF = YES;
				CLANG_WARN_OBJC_LITERAL_CONVERSION = YES;
				CLANG_WARN_OBJC_ROOT_CLASS = YES_ERROR;
				CLANG_WARN_QUOTED_INCLUDE_IN_FRAMEWORK_HEADER = YES;
				CLANG_WARN_RANGE_LOOP_ANALYSIS = YES;
				CLANG_WARN_STRICT_PROTOTYPES = YES;
				CLANG_WARN_SUSPICIOUS_MOVE = YES;
				CLANG_WARN_UNGUARDED_AVAILABILITY = YES_AGGRESSIVE;
				CLANG_WARN_UNREACHABLE_CODE = YES;
				CLANG_WARN__DUPLICATE_METHOD_MATCH = YES;
				COPY_PHASE_STRIP = NO;
				DEBUG_INFORMATION_FORMAT = "dwarf-with-dsym";
				ENABLE_NS_ASSERTIONS = NO;
				ENABLE_STRICT_OBJC_MSGSEND = YES;
				GCC_C_LANGUAGE_STANDARD = gnu11;
				GCC_NO_COMMON_BLOCKS = YES;
				GCC_WARN_64_TO_32_BIT_CONVERSION = YES;
				GCC_WARN_ABOUT_RETURN_TYPE = YES_ERROR;
				GCC_WARN_UNDECLARED_SELECTOR = YES;
				GCC_WARN_UNINITIALIZED_AUTOS = YES_AGGRESSIVE;
				GCC_WARN_UNUSED_FUNCTION = YES;
				GCC_WARN_UNUSED_VARIABLE = YES;
				IPHONEOS_DEPLOYMENT_TARGET = 15.5;
				MTL_ENABLE_DEBUG_INFO = NO;
				MTL_FAST_MATH = YES;
				SDKROOT = iphoneos;
				SWIFT_COMPILATION_MODE = wholemodule;
				SWIFT_OPTIMIZATION_LEVEL = "-O";
				VALIDATE_PRODUCT = YES;
			};
			name = Release;
		};
		A26FE71029615D3F00FDD7AE /* Debug */ = {
			isa = XCBuildConfiguration;
			baseConfigurationReference = 5B6832EF7D408031855A69CD /* Pods-MyCharts.debug.xcconfig */;
			buildSettings = {
				ASSETCATALOG_COMPILER_APPICON_NAME = AppIcon;
				ASSETCATALOG_COMPILER_GLOBAL_ACCENT_COLOR_NAME = AccentColor;
				CODE_SIGN_STYLE = Automatic;
				CURRENT_PROJECT_VERSION = 1;
				DEVELOPMENT_TEAM = GJFTXMEC77;
				GENERATE_INFOPLIST_FILE = YES;
				INFOPLIST_FILE = MyCharts/Info.plist;
				INFOPLIST_KEY_UIApplicationSupportsIndirectInputEvents = YES;
				INFOPLIST_KEY_UILaunchStoryboardName = LaunchScreen;
				INFOPLIST_KEY_UIMainStoryboardFile = Main;
				INFOPLIST_KEY_UISupportedInterfaceOrientations_iPad = "UIInterfaceOrientationPortrait UIInterfaceOrientationPortraitUpsideDown UIInterfaceOrientationLandscapeLeft UIInterfaceOrientationLandscapeRight";
				INFOPLIST_KEY_UISupportedInterfaceOrientations_iPhone = "UIInterfaceOrientationPortrait UIInterfaceOrientationLandscapeLeft UIInterfaceOrientationLandscapeRight";
				LD_RUNPATH_SEARCH_PATHS = (
					"$(inherited)",
					"@executable_path/Frameworks",
				);
				MARKETING_VERSION = 1.0;
				PRODUCT_BUNDLE_IDENTIFIER = com.premom.easyathome.test0806.MyCharts;
				PRODUCT_NAME = "$(TARGET_NAME)";
				SWIFT_EMIT_LOC_STRINGS = YES;
				SWIFT_VERSION = 5.0;
				TARGETED_DEVICE_FAMILY = "1,2";
			};
			name = Debug;
		};
		A26FE71129615D3F00FDD7AE /* Release */ = {
			isa = XCBuildConfiguration;
			baseConfigurationReference = 2DA921D799C294CAB785EEAC /* Pods-MyCharts.release.xcconfig */;
			buildSettings = {
				ASSETCATALOG_COMPILER_APPICON_NAME = AppIcon;
				ASSETCATALOG_COMPILER_GLOBAL_ACCENT_COLOR_NAME = AccentColor;
				CODE_SIGN_STYLE = Automatic;
				CURRENT_PROJECT_VERSION = 1;
				DEVELOPMENT_TEAM = GJFTXMEC77;
				GENERATE_INFOPLIST_FILE = YES;
				INFOPLIST_FILE = MyCharts/Info.plist;
				INFOPLIST_KEY_UIApplicationSupportsIndirectInputEvents = YES;
				INFOPLIST_KEY_UILaunchStoryboardName = LaunchScreen;
				INFOPLIST_KEY_UIMainStoryboardFile = Main;
				INFOPLIST_KEY_UISupportedInterfaceOrientations_iPad = "UIInterfaceOrientationPortrait UIInterfaceOrientationPortraitUpsideDown UIInterfaceOrientationLandscapeLeft UIInterfaceOrientationLandscapeRight";
				INFOPLIST_KEY_UISupportedInterfaceOrientations_iPhone = "UIInterfaceOrientationPortrait UIInterfaceOrientationLandscapeLeft UIInterfaceOrientationLandscapeRight";
				LD_RUNPATH_SEARCH_PATHS = (
					"$(inherited)",
					"@executable_path/Frameworks",
				);
				MARKETING_VERSION = 1.0;
				PRODUCT_BUNDLE_IDENTIFIER = com.premom.easyathome.test0806.MyCharts;
				PRODUCT_NAME = "$(TARGET_NAME)";
				SWIFT_EMIT_LOC_STRINGS = YES;
				SWIFT_VERSION = 5.0;
				TARGETED_DEVICE_FAMILY = "1,2";
			};
			name = Release;
		};
/* End XCBuildConfiguration section */

/* Begin XCConfigurationList section */
		A26FE6F629615D3E00FDD7AE /* Build configuration list for PBXProject "MyCharts" */ = {
			isa = XCConfigurationList;
			buildConfigurations = (
				A26FE70D29615D3F00FDD7AE /* Debug */,
				A26FE70E29615D3F00FDD7AE /* Release */,
			);
			defaultConfigurationIsVisible = 0;
			defaultConfigurationName = Release;
		};
		A26FE70F29615D3F00FDD7AE /* Build configuration list for PBXNativeTarget "MyCharts" */ = {
			isa = XCConfigurationList;
			buildConfigurations = (
				A26FE71029615D3F00FDD7AE /* Debug */,
				A26FE71129615D3F00FDD7AE /* Release */,
			);
			defaultConfigurationIsVisible = 0;
			defaultConfigurationName = Release;
		};
/* End XCConfigurationList section */
	};
	rootObject = A26FE6F329615D3E00FDD7AE /* Project object */;
}
